Microsoft Visual Studio Solution File, Format Version 12.00
# Visual Studio 15
VisualStudioVersion = 15.0.26430.6
MinimumVisualStudioVersion = 15.0.26124.0
Project("{2150E333-8FDC-42A3-9474-1A3956D46DE8}") = "src", "src", "{EABD9CF7-E639-4084-A773-672BA468A2A0}"
EndProject
Project("{9A19103F-16F7-4668-BE54-9A1E7A4F7556}") = "CQRSlite.Extensions.SQLStreamStore", "src\CQRSlite.Extensions.SQLStreamStore\CQRSlite.Extensions.SQLStreamStore.csproj", "{8FB27704-6397-4EA8-B62A-CD872E055E2A}"
EndProject
Project("{2150E333-8FDC-42A3-9474-1A3956D46DE8}") = "test", "test", "{49A73330-B612-4799-85B3-7EA768DB9EA4}"
EndProject
Project("{9A19103F-16F7-4668-BE54-9A1E7A4F7556}") = "CQRSlite.Extensions.SQLStreamStore.Tests", "test\CQRSlite.Extensions.SQLStreamStore.Tests\CQRSlite.Extensions.SQLStreamStore.Tests.csproj", "{5C63CCB1-D0D8-4980-9A3A-AFCDA1EB764A}"
EndProject
Project("{2150E333-8FDC-42A3-9474-1A3956D46DE8}") = ".solution", ".solution", "{CF40FB05-B842-46C1-9051-1265D0322A69}"
	ProjectSection(SolutionItems) = preProject
		.gitattributes = .gitattributes
		.gitignore = .gitignore
		global.json = global.json
		LICENSE = LICENSE
		README.md = README.md
	EndProjectSection
EndProject
Project("{2150E333-8FDC-42A3-9474-1A3956D46DE8}") = "samples", "samples", "{DAA5A705-E037-4F65-B21D-7B96C533B03D}"
EndProject
Global
	GlobalSection(SolutionConfigurationPlatforms) = preSolution
		Debug|Any CPU = Debug|Any CPU
		Debug|x64 = Debug|x64
		Debug|x86 = Debug|x86
		Release|Any CPU = Release|Any CPU
		Release|x64 = Release|x64
		Release|x86 = Release|x86
	EndGlobalSection
	GlobalSection(ProjectConfigurationPlatforms) = postSolution
		{8FB27704-6397-4EA8-B62A-CD872E055E2A}.Debug|Any CPU.ActiveCfg = Debug|Any CPU
		{8FB27704-6397-4EA8-B62A-CD872E055E2A}.Debug|Any CPU.Build.0 = Debug|Any CPU
		{8FB27704-6397-4EA8-B62A-CD872E055E2A}.Debug|x64.ActiveCfg = Debug|Any CPU
		{8FB27704-6397-4EA8-B62A-CD872E055E2A}.Debug|x64.Build.0 = Debug|Any CPU
		{8FB27704-6397-4EA8-B62A-CD872E055E2A}.Debug|x86.ActiveCfg = Debug|Any CPU
		{8FB27704-6397-4EA8-B62A-CD872E055E2A}.Debug|x86.Build.0 = Debug|Any CPU
		{8FB27704-6397-4EA8-B62A-CD872E055E2A}.Release|Any CPU.ActiveCfg = Release|Any CPU
		{8FB27704-6397-4EA8-B62A-CD872E055E2A}.Release|Any CPU.Build.0 = Release|Any CPU
		{8FB27704-6397-4EA8-B62A-CD872E055E2A}.Release|x64.ActiveCfg = Release|Any CPU
		{8FB27704-6397-4EA8-B62A-CD872E055E2A}.Release|x64.Build.0 = Release|Any CPU
		{8FB27704-6397-4EA8-B62A-CD872E055E2A}.Release|x86.ActiveCfg = Release|Any CPU
		{8FB27704-6397-4EA8-B62A-CD872E055E2A}.Release|x86.Build.0 = Release|Any CPU
		{5C63CCB1-D0D8-4980-9A3A-AFCDA1EB764A}.Debug|Any CPU.ActiveCfg = Debug|Any CPU
		{5C63CCB1-D0D8-4980-9A3A-AFCDA1EB764A}.Debug|Any CPU.Build.0 = Debug|Any CPU
		{5C63CCB1-D0D8-4980-9A3A-AFCDA1EB764A}.Debug|x64.ActiveCfg = Debug|Any CPU
		{5C63CCB1-D0D8-4980-9A3A-AFCDA1EB764A}.Debug|x64.Build.0 = Debug|Any CPU
		{5C63CCB1-D0D8-4980-9A3A-AFCDA1EB764A}.Debug|x86.ActiveCfg = Debug|Any CPU
		{5C63CCB1-D0D8-4980-9A3A-AFCDA1EB764A}.Debug|x86.Build.0 = Debug|Any CPU
		{5C63CCB1-D0D8-4980-9A3A-AFCDA1EB764A}.Release|Any CPU.ActiveCfg = Release|Any CPU
		{5C63CCB1-D0D8-4980-9A3A-AFCDA1EB764A}.Release|Any CPU.Build.0 = Release|Any CPU
		{5C63CCB1-D0D8-4980-9A3A-AFCDA1EB764A}.Release|x64.ActiveCfg = Release|Any CPU
		{5C63CCB1-D0D8-4980-9A3A-AFCDA1EB764A}.Release|x64.Build.0 = Release|Any CPU
		{5C63CCB1-D0D8-4980-9A3A-AFCDA1EB764A}.Release|x86.ActiveCfg = Release|Any CPU
		{5C63CCB1-D0D8-4980-9A3A-AFCDA1EB764A}.Release|x86.Build.0 = Release|Any CPU
	EndGlobalSection
	GlobalSection(SolutionProperties) = preSolution
		HideSolutionNode = FALSE
	EndGlobalSection
	GlobalSection(NestedProjects) = preSolution
		{8FB27704-6397-4EA8-B62A-CD872E055E2A} = {EABD9CF7-E639-4084-A773-672BA468A2A0}
		{5C63CCB1-D0D8-4980-9A3A-AFCDA1EB764A} = {49A73330-B612-4799-85B3-7EA768DB9EA4}
		{DAA5A705-E037-4F65-B21D-7B96C533B03D} = {EABD9CF7-E639-4084-A773-672BA468A2A0}
	EndGlobalSection
EndGlobal
